
Microsoft Visual Studio Solution File, Format Version 12.00
# Visual Studio Version 17
VisualStudioVersion = 17.11.35208.52
MinimumVisualStudioVersion = 10.0.40219.1
Project("{FAE04EC0-301F-11D3-BF4B-00C04F79EFBC}") = "ProductCrudWebForms", "ProductCrudWebForms\ProductCrudWebForms.csproj", "{1DBD28B5-6F85-4678-8DD4-90FA16E98012}"
EndProject
Global
	GlobalSection(SolutionConfigurationPlatforms) = preSolution
		Debug|Any CPU = Debug|Any CPU
		Release|Any CPU = Release|Any CPU
	EndGlobalSection
	GlobalSection(ProjectConfigurationPlatforms) = postSolution
		{1DBD28B5-6F85-4678-8DD4-90FA16E98012}.Debug|Any CPU.ActiveCfg = Debug|Any CPU
		{1DBD28B5-6F85-4678-8DD4-90FA16E98012}.Debug|Any CPU.Build.0 = Debug|Any CPU
		{1DBD28B5-6F85-4678-8DD4-90FA16E98012}.Release|Any CPU.ActiveCfg = Release|Any CPU
		{1DBD28B5-6F85-4678-8DD4-90FA16E98012}.Release|Any CPU.Build.0 = Release|Any CPU
	EndGlobalSection
	GlobalSection(SolutionProperties) = preSolution
		HideSolutionNode = FALSE
	EndGlobalSection
	GlobalSection(ExtensibilityGlobals) = postSolution
		SolutionGuid = {F0EEFA38-DC2F-4109-AB38-ABFB63D3A7AD}
	EndGlobalSection
EndGlobal
